
Microsoft Visual Studio Solution File, Format Version 12.00
# Visual Studio Version 17
VisualStudioVersion = 17.11.35312.102
MinimumVisualStudioVersion = 10.0.40219.1
Project("{2150E333-8FDC-42A3-9474-1A3956D46DE8}") = "Services", "Services", "{FC8D3D23-F36F-4681-9515-1681136229FE}"
EndProject
Project("{2150E333-8FDC-42A3-9474-1A3956D46DE8}") = "Catalog", "Catalog", "{D5646A9E-06C7-4CEB-ADA6-4DA52F34072E}"
EndProject
Project("{9A19103F-16F7-4668-BE54-9A1E7A4F7556}") = "MultiShop.Catalog", "Services\Catalog\MultiShop.Catalog\MultiShop.Catalog.csproj", "{9517D7FE-72C2-4B05-8947-7F8D1A920F59}"
EndProject
Project("{2150E333-8FDC-42A3-9474-1A3956D46DE8}") = "Discount", "Discount", "{3BF3A2D5-A3A0-4859-9BFA-3235BD099FC5}"
EndProject
Project("{9A19103F-16F7-4668-BE54-9A1E7A4F7556}") = "MultiShop.Discount", "Services\Discount\MultiShop.Discount\MultiShop.Discount.csproj", "{738E7C0F-968E-482B-AE39-3FE4803B69FE}"
EndProject
Project("{2150E333-8FDC-42A3-9474-1A3956D46DE8}") = "Order", "Order", "{B05C2B5C-79DA-4327-A4B1-0708DCCFB606}"
EndProject
Project("{2150E333-8FDC-42A3-9474-1A3956D46DE8}") = "Core", "Core", "{30672C86-8CE9-4F50-B23F-988309CEAC79}"
EndProject
Project("{2150E333-8FDC-42A3-9474-1A3956D46DE8}") = "Infrastructure", "Infrastructure", "{52129D53-80DA-430E-B618-37CF752B0B57}"
EndProject
Project("{2150E333-8FDC-42A3-9474-1A3956D46DE8}") = "Presentation", "Presentation", "{22FCBC24-68E9-4601-8B05-01630702F0B7}"
EndProject
Project("{9A19103F-16F7-4668-BE54-9A1E7A4F7556}") = "MultiShop.Order.Domain", "Services\Order\Core\MultiShop.Order.Domain\MultiShop.Order.Domain.csproj", "{40E52A26-5749-47DE-9872-369B7739D6E2}"
EndProject
Project("{9A19103F-16F7-4668-BE54-9A1E7A4F7556}") = "MultiShop.Order.Application", "Services\Order\Core\MultiShop.Order.Application\MultiShop.Order.Application.csproj", "{BE3A220A-7B24-418A-925F-599E6242767A}"
EndProject
Project("{9A19103F-16F7-4668-BE54-9A1E7A4F7556}") = "MultiShop.Order.Persistence", "Services\Order\Infrastructure\MultiShop.Order.Persistence\MultiShop.Order.Persistence.csproj", "{22FE78BC-4143-4AAC-861B-8D9FF10DFB9D}"
EndProject
Project("{9A19103F-16F7-4668-BE54-9A1E7A4F7556}") = "MultiShop.Order.WebApi", "Services\Order\Presentation\MultiShop.Order.WebApi\MultiShop.Order.WebApi.csproj", "{F714DF1E-9E10-457A-AC55-7CFBCE6F2C22}"
EndProject
Project("{2150E333-8FDC-42A3-9474-1A3956D46DE8}") = "IdentityServer", "IdentityServer", "{213B87D2-CF1A-4957-A839-6754E2E46D9A}"
EndProject
Project("{9A19103F-16F7-4668-BE54-9A1E7A4F7556}") = "MultiShop.IdentityServer", "IdentityServer\MultiShop.IdentityServer\MultiShop.IdentityServer.csproj", "{9A47E6E8-9420-470F-BEBB-BD7FBEDC3D82}"
EndProject
Project("{2150E333-8FDC-42A3-9474-1A3956D46DE8}") = "Requirements", "Requirements", "{0B87E731-C750-4C56-BC54-5A9E7FDAD22B}"
	ProjectSection(SolutionItems) = preProject
		PortNumbers.txt = PortNumbers.txt
	EndProjectSection
EndProject
Project("{2150E333-8FDC-42A3-9474-1A3956D46DE8}") = "Cargo", "Cargo", "{EB7F0D09-1849-4A20-9C0A-EE62B4E088F0}"
EndProject
Project("{9A19103F-16F7-4668-BE54-9A1E7A4F7556}") = "MultiShop.Cargo.EntityLayer", "Services\Cargo\MultiShop.Cargo.EntityLayer\MultiShop.Cargo.EntityLayer.csproj", "{DF936A74-F009-4837-91F8-FAC405941030}"
EndProject
Project("{9A19103F-16F7-4668-BE54-9A1E7A4F7556}") = "MultiShop.Cargo.BusinessLayer", "Services\Cargo\MultiShop.Cargo.BusinessLayer\MultiShop.Cargo.BusinessLayer.csproj", "{B18B4813-FAC5-4BFF-B4AA-FCC07DE36768}"
EndProject
Project("{9A19103F-16F7-4668-BE54-9A1E7A4F7556}") = "MultiShop.Cargo.DtoLayer", "Services\Cargo\MultiShop.Cargo.DtoLayer\MultiShop.Cargo.DtoLayer.csproj", "{19574AEE-7391-42B1-84F6-32AA064B7B69}"
EndProject
Project("{9A19103F-16F7-4668-BE54-9A1E7A4F7556}") = "MultiShop.Cargo.DataAccessLayer", "Services\Cargo\MultiShop.Cargo.DataAccessLayer\MultiShop.Cargo.DataAccessLayer.csproj", "{0B0FC7D6-B61D-45D1-A8BA-DE4DA624EEBB}"
EndProject
Project("{9A19103F-16F7-4668-BE54-9A1E7A4F7556}") = "MultiShop.Cargo.WebApi", "Services\Cargo\MultiShop.Cargo.WebApi\MultiShop.Cargo.WebApi.csproj", "{E1290239-9EEE-456F-BA4F-47CE2FBD5E09}"
EndProject
Project("{2150E333-8FDC-42A3-9474-1A3956D46DE8}") = "Basket", "Basket", "{C90B883C-A939-4B20-B205-520ABE8241D2}"
EndProject
Project("{9A19103F-16F7-4668-BE54-9A1E7A4F7556}") = "MultiShop.Basket", "Services\Basket\MultiShop.Basket\MultiShop.Basket.csproj", "{BEAF46BD-95BC-43BD-9D40-998CD719B4B5}"
EndProject
Project("{2150E333-8FDC-42A3-9474-1A3956D46DE8}") = "Frontends", "Frontends", "{E7CB6F42-1A1D-4D06-B362-7EBA3F7074BF}"
EndProject
Project("{FAE04EC0-301F-11D3-BF4B-00C04F79EFBC}") = "MultiShop.WebUI", "Frontends\MultiShop.WebUI\MultiShop.WebUI.csproj", "{9CD233EA-9ECE-4CD8-BFD9-8AA882505E43}"
EndProject
Global
	GlobalSection(SolutionConfigurationPlatforms) = preSolution
		Debug|Any CPU = Debug|Any CPU
		Release|Any CPU = Release|Any CPU
	EndGlobalSection
	GlobalSection(ProjectConfigurationPlatforms) = postSolution
		{9517D7FE-72C2-4B05-8947-7F8D1A920F59}.Debug|Any CPU.ActiveCfg = Debug|Any CPU
		{9517D7FE-72C2-4B05-8947-7F8D1A920F59}.Debug|Any CPU.Build.0 = Debug|Any CPU
		{9517D7FE-72C2-4B05-8947-7F8D1A920F59}.Release|Any CPU.ActiveCfg = Release|Any CPU
		{9517D7FE-72C2-4B05-8947-7F8D1A920F59}.Release|Any CPU.Build.0 = Release|Any CPU
		{738E7C0F-968E-482B-AE39-3FE4803B69FE}.Debug|Any CPU.ActiveCfg = Debug|Any CPU
		{738E7C0F-968E-482B-AE39-3FE4803B69FE}.Debug|Any CPU.Build.0 = Debug|Any CPU
		{738E7C0F-968E-482B-AE39-3FE4803B69FE}.Release|Any CPU.ActiveCfg = Release|Any CPU
		{738E7C0F-968E-482B-AE39-3FE4803B69FE}.Release|Any CPU.Build.0 = Release|Any CPU
		{40E52A26-5749-47DE-9872-369B7739D6E2}.Debug|Any CPU.ActiveCfg = Debug|Any CPU
		{40E52A26-5749-47DE-9872-369B7739D6E2}.Debug|Any CPU.Build.0 = Debug|Any CPU
		{40E52A26-5749-47DE-9872-369B7739D6E2}.Release|Any CPU.ActiveCfg = Release|Any CPU
		{40E52A26-5749-47DE-9872-369B7739D6E2}.Release|Any CPU.Build.0 = Release|Any CPU
		{BE3A220A-7B24-418A-925F-599E6242767A}.Debug|Any CPU.ActiveCfg = Debug|Any CPU
		{BE3A220A-7B24-418A-925F-599E6242767A}.Debug|Any CPU.Build.0 = Debug|Any CPU
		{BE3A220A-7B24-418A-925F-599E6242767A}.Release|Any CPU.ActiveCfg = Release|Any CPU
		{BE3A220A-7B24-418A-925F-599E6242767A}.Release|Any CPU.Build.0 = Release|Any CPU
		{22FE78BC-4143-4AAC-861B-8D9FF10DFB9D}.Debug|Any CPU.ActiveCfg = Debug|Any CPU
		{22FE78BC-4143-4AAC-861B-8D9FF10DFB9D}.Debug|Any CPU.Build.0 = Debug|Any CPU
		{22FE78BC-4143-4AAC-861B-8D9FF10DFB9D}.Release|Any CPU.ActiveCfg = Release|Any CPU
		{22FE78BC-4143-4AAC-861B-8D9FF10DFB9D}.Release|Any CPU.Build.0 = Release|Any CPU
		{F714DF1E-9E10-457A-AC55-7CFBCE6F2C22}.Debug|Any CPU.ActiveCfg = Debug|Any CPU
		{F714DF1E-9E10-457A-AC55-7CFBCE6F2C22}.Debug|Any CPU.Build.0 = Debug|Any CPU
		{F714DF1E-9E10-457A-AC55-7CFBCE6F2C22}.Release|Any CPU.ActiveCfg = Release|Any CPU
		{F714DF1E-9E10-457A-AC55-7CFBCE6F2C22}.Release|Any CPU.Build.0 = Release|Any CPU
		{9A47E6E8-9420-470F-BEBB-BD7FBEDC3D82}.Debug|Any CPU.ActiveCfg = Debug|Any CPU
		{9A47E6E8-9420-470F-BEBB-BD7FBEDC3D82}.Debug|Any CPU.Build.0 = Debug|Any CPU
		{9A47E6E8-9420-470F-BEBB-BD7FBEDC3D82}.Release|Any CPU.ActiveCfg = Release|Any CPU
		{9A47E6E8-9420-470F-BEBB-BD7FBEDC3D82}.Release|Any CPU.Build.0 = Release|Any CPU
		{DF936A74-F009-4837-91F8-FAC405941030}.Debug|Any CPU.ActiveCfg = Debug|Any CPU
		{DF936A74-F009-4837-91F8-FAC405941030}.Debug|Any CPU.Build.0 = Debug|Any CPU
		{DF936A74-F009-4837-91F8-FAC405941030}.Release|Any CPU.ActiveCfg = Release|Any CPU
		{DF936A74-F009-4837-91F8-FAC405941030}.Release|Any CPU.Build.0 = Release|Any CPU
		{B18B4813-FAC5-4BFF-B4AA-FCC07DE36768}.Debug|Any CPU.ActiveCfg = Debug|Any CPU
		{B18B4813-FAC5-4BFF-B4AA-FCC07DE36768}.Debug|Any CPU.Build.0 = Debug|Any CPU
		{B18B4813-FAC5-4BFF-B4AA-FCC07DE36768}.Release|Any CPU.ActiveCfg = Release|Any CPU
		{B18B4813-FAC5-4BFF-B4AA-FCC07DE36768}.Release|Any CPU.Build.0 = Release|Any CPU
		{19574AEE-7391-42B1-84F6-32AA064B7B69}.Debug|Any CPU.ActiveCfg = Debug|Any CPU
		{19574AEE-7391-42B1-84F6-32AA064B7B69}.Debug|Any CPU.Build.0 = Debug|Any CPU
		{19574AEE-7391-42B1-84F6-32AA064B7B69}.Release|Any CPU.ActiveCfg = Release|Any CPU
		{19574AEE-7391-42B1-84F6-32AA064B7B69}.Release|Any CPU.Build.0 = Release|Any CPU
		{0B0FC7D6-B61D-45D1-A8BA-DE4DA624EEBB}.Debug|Any CPU.ActiveCfg = Debug|Any CPU
		{0B0FC7D6-B61D-45D1-A8BA-DE4DA624EEBB}.Debug|Any CPU.Build.0 = Debug|Any CPU
		{0B0FC7D6-B61D-45D1-A8BA-DE4DA624EEBB}.Release|Any CPU.ActiveCfg = Release|Any CPU
		{0B0FC7D6-B61D-45D1-A8BA-DE4DA624EEBB}.Release|Any CPU.Build.0 = Release|Any CPU
		{E1290239-9EEE-456F-BA4F-47CE2FBD5E09}.Debug|Any CPU.ActiveCfg = Debug|Any CPU
		{E1290239-9EEE-456F-BA4F-47CE2FBD5E09}.Debug|Any CPU.Build.0 = Debug|Any CPU
		{E1290239-9EEE-456F-BA4F-47CE2FBD5E09}.Release|Any CPU.ActiveCfg = Release|Any CPU
		{E1290239-9EEE-456F-BA4F-47CE2FBD5E09}.Release|Any CPU.Build.0 = Release|Any CPU
		{BEAF46BD-95BC-43BD-9D40-998CD719B4B5}.Debug|Any CPU.ActiveCfg = Debug|Any CPU
		{BEAF46BD-95BC-43BD-9D40-998CD719B4B5}.Debug|Any CPU.Build.0 = Debug|Any CPU
		{BEAF46BD-95BC-43BD-9D40-998CD719B4B5}.Release|Any CPU.ActiveCfg = Release|Any CPU
		{BEAF46BD-95BC-43BD-9D40-998CD719B4B5}.Release|Any CPU.Build.0 = Release|Any CPU
		{9CD233EA-9ECE-4CD8-BFD9-8AA882505E43}.Debug|Any CPU.ActiveCfg = Debug|Any CPU
		{9CD233EA-9ECE-4CD8-BFD9-8AA882505E43}.Debug|Any CPU.Build.0 = Debug|Any CPU
		{9CD233EA-9ECE-4CD8-BFD9-8AA882505E43}.Release|Any CPU.ActiveCfg = Release|Any CPU
		{9CD233EA-9ECE-4CD8-BFD9-8AA882505E43}.Release|Any CPU.Build.0 = Release|Any CPU
	EndGlobalSection
	GlobalSection(SolutionProperties) = preSolution
		HideSolutionNode = FALSE
	EndGlobalSection
	GlobalSection(NestedProjects) = preSolution
		{D5646A9E-06C7-4CEB-ADA6-4DA52F34072E} = {FC8D3D23-F36F-4681-9515-1681136229FE}
		{9517D7FE-72C2-4B05-8947-7F8D1A920F59} = {D5646A9E-06C7-4CEB-ADA6-4DA52F34072E}
		{3BF3A2D5-A3A0-4859-9BFA-3235BD099FC5} = {FC8D3D23-F36F-4681-9515-1681136229FE}
		{738E7C0F-968E-482B-AE39-3FE4803B69FE} = {3BF3A2D5-A3A0-4859-9BFA-3235BD099FC5}
		{B05C2B5C-79DA-4327-A4B1-0708DCCFB606} = {FC8D3D23-F36F-4681-9515-1681136229FE}
		{30672C86-8CE9-4F50-B23F-988309CEAC79} = {B05C2B5C-79DA-4327-A4B1-0708DCCFB606}
		{52129D53-80DA-430E-B618-37CF752B0B57} = {B05C2B5C-79DA-4327-A4B1-0708DCCFB606}
		{22FCBC24-68E9-4601-8B05-01630702F0B7} = {B05C2B5C-79DA-4327-A4B1-0708DCCFB606}
		{40E52A26-5749-47DE-9872-369B7739D6E2} = {30672C86-8CE9-4F50-B23F-988309CEAC79}
		{BE3A220A-7B24-418A-925F-599E6242767A} = {30672C86-8CE9-4F50-B23F-988309CEAC79}
		{22FE78BC-4143-4AAC-861B-8D9FF10DFB9D} = {52129D53-80DA-430E-B618-37CF752B0B57}
		{F714DF1E-9E10-457A-AC55-7CFBCE6F2C22} = {22FCBC24-68E9-4601-8B05-01630702F0B7}
		{9A47E6E8-9420-470F-BEBB-BD7FBEDC3D82} = {213B87D2-CF1A-4957-A839-6754E2E46D9A}
		{EB7F0D09-1849-4A20-9C0A-EE62B4E088F0} = {FC8D3D23-F36F-4681-9515-1681136229FE}
		{DF936A74-F009-4837-91F8-FAC405941030} = {EB7F0D09-1849-4A20-9C0A-EE62B4E088F0}
		{B18B4813-FAC5-4BFF-B4AA-FCC07DE36768} = {EB7F0D09-1849-4A20-9C0A-EE62B4E088F0}
		{19574AEE-7391-42B1-84F6-32AA064B7B69} = {EB7F0D09-1849-4A20-9C0A-EE62B4E088F0}
		{0B0FC7D6-B61D-45D1-A8BA-DE4DA624EEBB} = {EB7F0D09-1849-4A20-9C0A-EE62B4E088F0}
		{E1290239-9EEE-456F-BA4F-47CE2FBD5E09} = {EB7F0D09-1849-4A20-9C0A-EE62B4E088F0}
		{C90B883C-A939-4B20-B205-520ABE8241D2} = {FC8D3D23-F36F-4681-9515-1681136229FE}
		{BEAF46BD-95BC-43BD-9D40-998CD719B4B5} = {C90B883C-A939-4B20-B205-520ABE8241D2}
		{9CD233EA-9ECE-4CD8-BFD9-8AA882505E43} = {E7CB6F42-1A1D-4D06-B362-7EBA3F7074BF}
	EndGlobalSection
	GlobalSection(ExtensibilityGlobals) = postSolution
		SolutionGuid = {E3307C16-E591-40E4-950F-2A3019F35692}
	EndGlobalSection
EndGlobal
