
Microsoft Visual Studio Solution File, Format Version 12.00
# Visual Studio Version 17
VisualStudioVersion = 17.11.35312.102
MinimumVisualStudioVersion = 10.0.40219.1
Project("{2150E333-8FDC-42A3-9474-1A3956D46DE8}") = "Services", "Services", "{FC8D3D23-F36F-4681-9515-1681136229FE}"
EndProject
Project("{2150E333-8FDC-42A3-9474-1A3956D46DE8}") = "Catalog", "Catalog", "{D5646A9E-06C7-4CEB-ADA6-4DA52F34072E}"
EndProject
Project("{FAE04EC0-301F-11D3-BF4B-00C04F79EFBC}") = "MultiShop.Catalog", "Services\Catalog\MultiShop.Catalog\MultiShop.Catalog.csproj", "{9517D7FE-72C2-4B05-8947-7F8D1A920F59}"
EndProject
Global
	GlobalSection(SolutionConfigurationPlatforms) = preSolution
		Debug|Any CPU = Debug|Any CPU
		Release|Any CPU = Release|Any CPU
	EndGlobalSection
	GlobalSection(ProjectConfigurationPlatforms) = postSolution
		{9517D7FE-72C2-4B05-8947-7F8D1A920F59}.Debug|Any CPU.ActiveCfg = Debug|Any CPU
		{9517D7FE-72C2-4B05-8947-7F8D1A920F59}.Debug|Any CPU.Build.0 = Debug|Any CPU
		{9517D7FE-72C2-4B05-8947-7F8D1A920F59}.Release|Any CPU.ActiveCfg = Release|Any CPU
		{9517D7FE-72C2-4B05-8947-7F8D1A920F59}.Release|Any CPU.Build.0 = Release|Any CPU
	EndGlobalSection
	GlobalSection(SolutionProperties) = preSolution
		HideSolutionNode = FALSE
	EndGlobalSection
	GlobalSection(NestedProjects) = preSolution
		{D5646A9E-06C7-4CEB-ADA6-4DA52F34072E} = {FC8D3D23-F36F-4681-9515-1681136229FE}
		{9517D7FE-72C2-4B05-8947-7F8D1A920F59} = {D5646A9E-06C7-4CEB-ADA6-4DA52F34072E}
	EndGlobalSection
	GlobalSection(ExtensibilityGlobals) = postSolution
		SolutionGuid = {E3307C16-E591-40E4-950F-2A3019F35692}
	EndGlobalSection
EndGlobal
